<?xml version="1.0" encoding="utf-8"?>
<Project ToolsVersion="4.0" xmlns="http://schemas.microsoft.com/developer/msbuild/2003">
  <ItemGroup>
    <Filter Include="Archivos de código fuente">
      <UniqueIdentifier>{4FC737F1-C7A5-4376-A066-2A32D752A2FF}</UniqueIdentifier>
      <Extensions>cpp;c;cc;cxx;def;odl;idl;hpj;bat;asm;asmx</Extensions>
    </Filter>
    <Filter Include="Archivos de encabezado">
      <UniqueIdentifier>{93995380-89BD-4b04-88EB-625FBE52EBFB}</UniqueIdentifier>
      <Extensions>h;hh;hpp;hxx;hm;inl;inc;xsd</Extensions>
    </Filter>
    <Filter Include="Archivos de recursos">
      <UniqueIdentifier>{67DA6AB6-F800-4c08-8B7A-83BB121AAD01}</UniqueIdentifier>
      <Extensions>rc;ico;cur;bmp;dlg;rc2;rct;bin;rgs;gif;jpg;jpeg;jpe;resx;tiff;tif;png;wav;mfcribbon-ms</Extensions>
    </Filter>
    <Filter Include="Archivos de código fuente\Camera">
      <UniqueIdentifier>{bcecac44-9f0b-4ac6-993d-ae2915d0cbcc}</UniqueIdentifier>
    </Filter>
    <Filter Include="Archivos de encabezado\Camera">
      <UniqueIdentifier>{7ced8d26-7307-4364-b4ad-5a171a5ffdad}</UniqueIdentifier>
    </Filter>
    <Filter Include="Archivos de código fuente\Meshes">
      <UniqueIdentifier>{d905adfd-e5f1-438f-ad46-bb6655e4f043}</UniqueIdentifier>
    </Filter>
    <Filter Include="Archivos de código fuente\FrustumCulling">
      <UniqueIdentifier>{d2b009b4-fe75-4c31-9840-bfa46f71ce96}</UniqueIdentifier>
    </Filter>
    <Filter Include="Archivos de encabezado\Meshes">
      <UniqueIdentifier>{2db7fc4b-4006-4500-8db5-7350fa88c9b4}</UniqueIdentifier>
    </Filter>
    <Filter Include="Archivos de encabezado\FrustumCulling">
      <UniqueIdentifier>{f693f9a3-75c1-4d3a-b019-7a39cdfbbb4d}</UniqueIdentifier>
    </Filter>
    <Filter Include="Archivos de encabezado\Objects">
      <UniqueIdentifier>{8cddedde-0178-4442-ba03-eaf63db55abe}</UniqueIdentifier>
    </Filter>
    <Filter Include="Archivos de código fuente\Floor">
      <UniqueIdentifier>{729be347-2df7-46ac-92bb-3670d8eb00e8}</UniqueIdentifier>
    </Filter>
    <Filter Include="Archivos de código fuente\Objects">
      <UniqueIdentifier>{015563b2-b7be-4547-be19-7ce2f2b7b00c}</UniqueIdentifier>
    </Filter>
    <Filter Include="Archivos de código fuente\Floor\Biomes">
      <UniqueIdentifier>{efc4e767-becb-4e1c-9d53-ddba8f1e7c94}</UniqueIdentifier>
    </Filter>
    <Filter Include="Archivos de encabezado\Floor">
      <UniqueIdentifier>{950b6b6b-8420-4208-a67d-57cde499e8ab}</UniqueIdentifier>
    </Filter>
    <Filter Include="Archivos de encabezado\Floor\Biomes">
      <UniqueIdentifier>{1f4b7ae6-834a-4b11-97a5-78a041451183}</UniqueIdentifier>
    </Filter>
    <Filter Include="Archivos de código fuente\Shaders">
      <UniqueIdentifier>{37c9982f-ca0c-44cd-ba11-1c1b107842b8}</UniqueIdentifier>
    </Filter>
    <Filter Include="Archivos de encabezado\Shaders">
      <UniqueIdentifier>{92d43b69-e60a-45f4-badf-b6f452e0613b}</UniqueIdentifier>
    </Filter>
    <Filter Include="Archivos de código fuente\ParticleSystem">
      <UniqueIdentifier>{78a51675-a47f-4d67-a031-27f0d0c94dee}</UniqueIdentifier>
    </Filter>
    <Filter Include="Archivos de encabezado\ParticleSystem">
      <UniqueIdentifier>{a9e76c70-05ab-4357-89bb-44b75981f07a}</UniqueIdentifier>
    </Filter>
  </ItemGroup>
  <ItemGroup>
    <ClCompile Include="Game.cpp">
      <Filter>Archivos de código fuente</Filter>
    </ClCompile>
    <ClCompile Include="main.cpp">
      <Filter>Archivos de código fuente</Filter>
    </ClCompile>
    <ClCompile Include="Scene.cpp">
      <Filter>Archivos de código fuente</Filter>
    </ClCompile>
    <ClCompile Include="Texture.cpp">
      <Filter>Archivos de código fuente</Filter>
    </ClCompile>
    <ClCompile Include="Camera\basecamera.cpp">
      <Filter>Archivos de código fuente\Camera</Filter>
    </ClCompile>
    <ClCompile Include="Camera\eulercamera.cpp">
      <Filter>Archivos de código fuente\Camera</Filter>
    </ClCompile>
    <ClCompile Include="Camera\eulerperspcamera.cpp">
      <Filter>Archivos de código fuente\Camera</Filter>
    </ClCompile>
    <ClCompile Include="Camera\obscamera.cpp">
      <Filter>Archivos de código fuente\Camera</Filter>
    </ClCompile>
    <ClCompile Include="Camera\obsperspcamera.cpp">
      <Filter>Archivos de código fuente\Camera</Filter>
    </ClCompile>
    <ClCompile Include="Camera.cpp">
      <Filter>Archivos de código fuente\Camera</Filter>
    </ClCompile>
    <ClCompile Include="GameObject.cpp">
      <Filter>Archivos de código fuente</Filter>
    </ClCompile>
    <ClCompile Include="Camera\perspcamera.cpp">
      <Filter>Archivos de código fuente\Camera</Filter>
    </ClCompile>
    <ClCompile Include="Camera\orthocamera.cpp">
      <Filter>Archivos de código fuente\Camera</Filter>
    </ClCompile>
    <ClCompile Include="Camera\eulerorthocamera.cpp">
      <Filter>Archivos de código fuente\Camera</Filter>
    </ClCompile>
    <ClCompile Include="Player.cpp">
      <Filter>Archivos de código fuente</Filter>
    </ClCompile>
    <ClCompile Include="Camera\obsorthocamera.cpp">
      <Filter>Archivos de código fuente\Camera</Filter>
    </ClCompile>
    <ClCompile Include="Assets.cpp">
      <Filter>Archivos de código fuente</Filter>
    </ClCompile>
    <ClCompile Include="ObjectContainer.cpp">
      <Filter>Archivos de código fuente</Filter>
    </ClCompile>
    <ClCompile Include="CubeMesh.cpp">
      <Filter>Archivos de código fuente\Meshes</Filter>
    </ClCompile>
    <ClCompile Include="ImportedMesh.cpp">
      <Filter>Archivos de código fuente\Meshes</Filter>
    </ClCompile>
    <ClCompile Include="Mesh.cpp">
      <Filter>Archivos de código fuente\Meshes</Filter>
    </ClCompile>
    <ClCompile Include="MultiCubeMesh.cpp">
      <Filter>Archivos de código fuente\Meshes</Filter>
    </ClCompile>
    <ClCompile Include="QuadMesh.cpp">
      <Filter>Archivos de código fuente\Meshes</Filter>
    </ClCompile>
    <ClCompile Include="AABox.cpp">
      <Filter>Archivos de código fuente\FrustumCulling</Filter>
    </ClCompile>
    <ClCompile Include="FrustumG.cpp">
      <Filter>Archivos de código fuente\FrustumCulling</Filter>
    </ClCompile>
    <ClCompile Include="Vec3.cpp">
      <Filter>Archivos de código fuente\FrustumCulling</Filter>
    </ClCompile>
    <ClCompile Include="Object.cpp">
      <Filter>Archivos de código fuente\Objects</Filter>
    </ClCompile>
    <ClCompile Include="Jumper.cpp">
      <Filter>Archivos de código fuente\Objects</Filter>
    </ClCompile>
    <ClCompile Include="ShadowedObject.cpp">
      <Filter>Archivos de código fuente\Objects</Filter>
    </ClCompile>
    <ClCompile Include="TexturedObject.cpp">
      <Filter>Archivos de código fuente\Objects</Filter>
    </ClCompile>
    <ClCompile Include="Plane.cpp">
      <Filter>Archivos de código fuente\FrustumCulling</Filter>
    </ClCompile>
    <ClCompile Include="SeaFuns.cpp">
      <Filter>Archivos de código fuente\Floor\Biomes</Filter>
    </ClCompile>
    <ClCompile Include="ShipFuns.cpp">
      <Filter>Archivos de código fuente\Floor\Biomes</Filter>
    </ClCompile>
    <ClCompile Include="FloorRow.cpp">
      <Filter>Archivos de código fuente\Floor</Filter>
    </ClCompile>
    <ClCompile Include="Floor.cpp">
      <Filter>Archivos de código fuente\Floor</Filter>
    </ClCompile>
    <ClCompile Include="Sphere.cpp">
      <Filter>Archivos de código fuente\Meshes</Filter>
    </ClCompile>
    <ClCompile Include="Shader.cpp">
      <Filter>Archivos de código fuente\Shaders</Filter>
    </ClCompile>
    <ClCompile Include="ShaderProgram.cpp">
      <Filter>Archivos de código fuente\Shaders</Filter>
    </ClCompile>
    <ClCompile Include="FloorResources.cpp">
      <Filter>Archivos de código fuente\Floor</Filter>
    </ClCompile>
    <ClCompile Include="WaterParticle.cpp">
      <Filter>Archivos de código fuente\ParticleSystem</Filter>
    </ClCompile>
    <ClCompile Include="WaterParticles.cpp">
      <Filter>Archivos de código fuente\ParticleSystem</Filter>
    </ClCompile>
    <ClCompile Include="SoundManager.cpp">
      <Filter>Archivos de código fuente</Filter>
    </ClCompile>
    <ClCompile Include="AnimTexObject.cpp">
      <Filter>Archivos de código fuente\Objects</Filter>
    </ClCompile>
    <ClCompile Include="AnimMeshObject.cpp">
      <Filter>Archivos de código fuente\Objects</Filter>
    </ClCompile>
    <ClCompile Include="IslandFuns.cpp">
      <Filter>Archivos de código fuente\Floor\Biomes</Filter>
    </ClCompile>
    <ClCompile Include="RandomPicker.cpp">
      <Filter>Archivos de código fuente</Filter>
    </ClCompile>
  </ItemGroup>
  <ItemGroup>
    <ClInclude Include="Game.h">
      <Filter>Archivos de encabezado</Filter>
    </ClInclude>
    <ClInclude Include="Scene.h">
      <Filter>Archivos de encabezado</Filter>
    </ClInclude>
    <ClInclude Include="Texture.h">
      <Filter>Archivos de encabezado</Filter>
    </ClInclude>
    <ClInclude Include="Camera\eulerperspcamera.h">
      <Filter>Archivos de encabezado\Camera</Filter>
    </ClInclude>
    <ClInclude Include="Camera\basecamera.h">
      <Filter>Archivos de encabezado\Camera</Filter>
    </ClInclude>
    <ClInclude Include="Camera\eulercamera.h">
      <Filter>Archivos de encabezado\Camera</Filter>
    </ClInclude>
    <ClInclude Include="Camera\obscamera.h">
      <Filter>Archivos de encabezado\Camera</Filter>
    </ClInclude>
    <ClInclude Include="Camera\obsperspcamera.h">
      <Filter>Archivos de encabezado\Camera</Filter>
    </ClInclude>
    <ClInclude Include="Camera.h">
      <Filter>Archivos de encabezado\Camera</Filter>
    </ClInclude>
    <ClInclude Include="GameObject.h">
      <Filter>Archivos de encabezado</Filter>
    </ClInclude>
    <ClInclude Include="Camera\perspcamera.h">
      <Filter>Archivos de encabezado\Camera</Filter>
    </ClInclude>
    <ClInclude Include="Camera\orthocamera.h">
      <Filter>Archivos de encabezado\Camera</Filter>
    </ClInclude>
    <ClInclude Include="Camera\eulerorthocamera.h">
      <Filter>Archivos de encabezado\Camera</Filter>
    </ClInclude>
    <ClInclude Include="Player.h">
      <Filter>Archivos de encabezado</Filter>
    </ClInclude>
    <ClInclude Include="Camera\obsorthocamera.h">
      <Filter>Archivos de encabezado\Camera</Filter>
    </ClInclude>
    <ClInclude Include="Assets.h">
      <Filter>Archivos de encabezado</Filter>
    </ClInclude>
    <ClInclude Include="ObjectContainer.h">
      <Filter>Archivos de encabezado</Filter>
    </ClInclude>
    <ClInclude Include="AABox.h">
      <Filter>Archivos de encabezado\FrustumCulling</Filter>
    </ClInclude>
    <ClInclude Include="FrustumG.h">
      <Filter>Archivos de encabezado\FrustumCulling</Filter>
    </ClInclude>
    <ClInclude Include="Vec3.h">
      <Filter>Archivos de encabezado\FrustumCulling</Filter>
    </ClInclude>
    <ClInclude Include="CubeMesh.h">
      <Filter>Archivos de encabezado\Meshes</Filter>
    </ClInclude>
    <ClInclude Include="ImportedMesh.h">
      <Filter>Archivos de encabezado\Meshes</Filter>
    </ClInclude>
    <ClInclude Include="MultiCubeMesh.h">
      <Filter>Archivos de encabezado\Meshes</Filter>
    </ClInclude>
    <ClInclude Include="Mesh.h">
      <Filter>Archivos de encabezado\Meshes</Filter>
    </ClInclude>
    <ClInclude Include="Object.h">
      <Filter>Archivos de encabezado\Objects</Filter>
    </ClInclude>
    <ClInclude Include="ShadowedObject.h">
      <Filter>Archivos de encabezado\Objects</Filter>
    </ClInclude>
    <ClInclude Include="TexturedObject.h">
      <Filter>Archivos de encabezado\Objects</Filter>
    </ClInclude>
    <ClInclude Include="Jumper.h">
      <Filter>Archivos de encabezado\Objects</Filter>
    </ClInclude>
    <ClInclude Include="Plane.h">
      <Filter>Archivos de encabezado\FrustumCulling</Filter>
    </ClInclude>
    <ClInclude Include="Utils.h">
      <Filter>Archivos de encabezado</Filter>
    </ClInclude>
    <ClInclude Include="ShipBiome.h">
      <Filter>Archivos de encabezado\Floor\Biomes</Filter>
    </ClInclude>
    <ClInclude Include="SeaBiome.h">
      <Filter>Archivos de encabezado\Floor\Biomes</Filter>
    </ClInclude>
    <ClInclude Include="FloorRow.h">
      <Filter>Archivos de encabezado\Floor</Filter>
    </ClInclude>
    <ClInclude Include="Floor.h">
      <Filter>Archivos de encabezado\Floor</Filter>
    </ClInclude>
    <ClInclude Include="QuadMesh.h">
      <Filter>Archivos de encabezado\Meshes</Filter>
    </ClInclude>
    <ClInclude Include="Biome.h">
      <Filter>Archivos de encabezado\Floor\Biomes</Filter>
    </ClInclude>
    <ClInclude Include="Sphere.h">
      <Filter>Archivos de encabezado\Meshes</Filter>
    </ClInclude>
    <ClInclude Include="ShaderProgram.h">
      <Filter>Archivos de encabezado\Shaders</Filter>
    </ClInclude>
    <ClInclude Include="Shader.h">
      <Filter>Archivos de encabezado\Shaders</Filter>
    </ClInclude>
    <ClInclude Include="FloorResources.h">
      <Filter>Archivos de encabezado\Floor</Filter>
    </ClInclude>
    <ClInclude Include="WaterParticles.h">
      <Filter>Archivos de encabezado\ParticleSystem</Filter>
    </ClInclude>
    <ClInclude Include="WaterParticle.h">
      <Filter>Archivos de encabezado\ParticleSystem</Filter>
    </ClInclude>
    <ClInclude Include="SoundManager.h">
      <Filter>Archivos de encabezado</Filter>
    </ClInclude>
    <ClInclude Include="AnimTexObject.h">
      <Filter>Archivos de encabezado\Objects</Filter>
    </ClInclude>
    <ClInclude Include="AnimMeshObject.h">
      <Filter>Archivos de encabezado\Objects</Filter>
    </ClInclude>
    <ClInclude Include="RandomPicker.h">
      <Filter>Archivos de encabezado</Filter>
    </ClInclude>
  </ItemGroup>
</Project>